
Microsoft Visual Studio Solution File, Format Version 12.00
# Visual Studio Version 16
VisualStudioVersion = 16.0.810.6
MinimumVisualStudioVersion = 10.0.40219.1
Project("{FAE04EC0-301F-11D3-BF4B-00C04F79EFBC}") = "DataStructurePrograms", "DataStructurePrograms\DataStructurePrograms.csproj", "{D3C9C1A0-22D3-4D5D-A691-D0387B1B74DF}"
EndProject
Global
	GlobalSection(SolutionConfigurationPlatforms) = preSolution
		Debug|Any CPU = Debug|Any CPU
		Release|Any CPU = Release|Any CPU
	EndGlobalSection
	GlobalSection(ProjectConfigurationPlatforms) = postSolution
		{D3C9C1A0-22D3-4D5D-A691-D0387B1B74DF}.Debug|Any CPU.ActiveCfg = Debug|Any CPU
		{D3C9C1A0-22D3-4D5D-A691-D0387B1B74DF}.Debug|Any CPU.Build.0 = Debug|Any CPU
		{D3C9C1A0-22D3-4D5D-A691-D0387B1B74DF}.Release|Any CPU.ActiveCfg = Release|Any CPU
		{D3C9C1A0-22D3-4D5D-A691-D0387B1B74DF}.Release|Any CPU.Build.0 = Release|Any CPU
	EndGlobalSection
	GlobalSection(SolutionProperties) = preSolution
		HideSolutionNode = FALSE
	EndGlobalSection
	GlobalSection(ExtensibilityGlobals) = postSolution
		SolutionGuid = {18FD2342-C631-408F-AA62-5E9E17927247}
	EndGlobalSection
EndGlobal
